<?xml version="1.0" encoding="utf-8"?>
<Project ToolsVersion="4.0" xmlns="http://schemas.microsoft.com/developer/msbuild/2003">
  <ItemGroup>
    <Filter Include="Source Files">
      <UniqueIdentifier>{4FC737F1-C7A5-4376-A066-2A32D752A2FF}</UniqueIdentifier>
      <Extensions>cpp;c;cc;cxx;c++;cppm;ixx;def;odl;idl;hpj;bat;asm;asmx</Extensions>
    </Filter>
    <Filter Include="Header Files">
      <UniqueIdentifier>{93995380-89BD-4b04-88EB-625FBE52EBFB}</UniqueIdentifier>
      <Extensions>h;hh;hpp;hxx;h++;hm;inl;inc;ipp;xsd</Extensions>
    </Filter>
    <Filter Include="Resource Files">
      <UniqueIdentifier>{67DA6AB6-F800-4c08-8B7A-83BB121AAD01}</UniqueIdentifier>
      <Extensions>rc;ico;cur;bmp;dlg;rc2;rct;bin;rgs;gif;jpg;jpeg;jpe;resx;tiff;tif;png;wav;mfcribbon-ms</Extensions>
    </Filter>
    <Filter Include="Source Files\What is C++%3f">
      <UniqueIdentifier>{ca164fc7-6d14-49be-85ab-f600733b6a38}</UniqueIdentifier>
    </Filter>
    <Filter Include="Source Files\Inputs and Outputs">
      <UniqueIdentifier>{30782a60-0fb8-4631-bfea-af4133cc257a}</UniqueIdentifier>
    </Filter>
    <Filter Include="Source Files\Variables">
      <UniqueIdentifier>{051b2825-1444-4012-9f24-a11d033b3c75}</UniqueIdentifier>
    </Filter>
    <Filter Include="Source Files\Controlling Program Flow">
      <UniqueIdentifier>{dbd28d57-f010-45f4-9af3-08723506cde3}</UniqueIdentifier>
    </Filter>
    <Filter Include="Source Files\Project For Controlling Program Flow">
      <UniqueIdentifier>{238ab395-9f6a-459b-8342-6d97dac00860}</UniqueIdentifier>
    </Filter>
    <Filter Include="Source Files\Functions">
      <UniqueIdentifier>{89485269-34df-4aaf-81de-cb4b6f5a9c98}</UniqueIdentifier>
    </Filter>
  </ItemGroup>
  <ItemGroup>
    <ClCompile Include="What is C++ .cpp">
      <Filter>Source Files\What is C++%3f</Filter>
    </ClCompile>
    <ClCompile Include="review 5.cpp">
      <Filter>Source Files\Inputs and Outputs</Filter>
    </ClCompile>
    <ClCompile Include="review 6.cpp">
      <Filter>Source Files\Inputs and Outputs</Filter>
    </ClCompile>
    <ClCompile Include="Circle Calc %28review 4%29.cpp">
      <Filter>Source Files\Inputs and Outputs</Filter>
    </ClCompile>
    <ClCompile Include="Review 7.cpp">
      <Filter>Source Files\Inputs and Outputs</Filter>
    </ClCompile>
    <ClCompile Include="Rectangle Calc.cpp">
      <Filter>Source Files\Inputs and Outputs</Filter>
    </ClCompile>
    <ClCompile Include="km per L.cpp">
      <Filter>Source Files\Inputs and Outputs</Filter>
    </ClCompile>
    <ClCompile Include="AvgLongJump.cpp">
      <Filter>Source Files\Inputs and Outputs</Filter>
    </ClCompile>
    <ClCompile Include="C++ calculations.cpp">
      <Filter>Source Files\Inputs and Outputs</Filter>
    </ClCompile>
    <ClCompile Include="avgclassize.cpp">
      <Filter>Source Files\Inputs and Outputs</Filter>
    </ClCompile>
    <ClCompile Include="classCount.cpp">
      <Filter>Source Files\Inputs and Outputs</Filter>
    </ClCompile>
    <ClCompile Include="Rectangle with input.cpp">
      <Filter>Source Files\Variables</Filter>
    </ClCompile>
    <ClCompile Include="contExample.cpp">
      <Filter>Source Files\Variables</Filter>
    </ClCompile>
    <ClCompile Include="askforname.cpp">
      <Filter>Source Files\Variables</Filter>
    </ClCompile>
    <ClCompile Include="Review 9.cpp">
      <Filter>Source Files\Variables</Filter>
    </ClCompile>
    <ClCompile Include="Review 10.cpp">
      <Filter>Source Files\Variables</Filter>
    </ClCompile>
    <ClCompile Include="Review 11.cpp">
      <Filter>Source Files\Variables</Filter>
    </ClCompile>
    <ClCompile Include="Exercise 1.cpp">
      <Filter>Source Files\Variables</Filter>
    </ClCompile>
    <ClCompile Include="Excercise 2.cpp">
      <Filter>Source Files\Variables</Filter>
    </ClCompile>
    <ClCompile Include="Excercise 3.cpp">
      <Filter>Source Files\Variables</Filter>
    </ClCompile>
    <ClCompile Include="Excercise 4.cpp">
      <Filter>Source Files\Variables</Filter>
    </ClCompile>
    <ClCompile Include="Excercise 5.cpp">
      <Filter>Source Files\Variables</Filter>
    </ClCompile>
    <ClCompile Include="Excercise 5b.cpp">
      <Filter>Source Files\Variables</Filter>
    </ClCompile>
    <ClCompile Include="Review 1 and 3.cpp">
      <Filter>Source Files\Controlling Program Flow</Filter>
    </ClCompile>
    <ClCompile Include="discriminant.cpp">
      <Filter>Source Files\Controlling Program Flow</Filter>
    </ClCompile>
    <ClCompile Include="Golf.cpp">
      <Filter>Source Files\Controlling Program Flow</Filter>
    </ClCompile>
    <ClCompile Include="PackageManager.cpp">
      <Filter>Source Files\Controlling Program Flow</Filter>
    </ClCompile>
    <ClCompile Include="y or Y.cpp">
      <Filter>Source Files\Controlling Program Flow</Filter>
    </ClCompile>
    <ClCompile Include="password.cpp">
      <Filter>Source Files\Controlling Program Flow</Filter>
    </ClCompile>
    <ClCompile Include="CircleCalc.cpp">
      <Filter>Source Files\Controlling Program Flow</Filter>
    </ClCompile>
    <ClCompile Include="checkInteger.cpp">
      <Filter>Source Files\Controlling Program Flow</Filter>
    </ClCompile>
    <ClCompile Include="Percent.cpp">
      <Filter>Source Files\Controlling Program Flow</Filter>
    </ClCompile>
    <ClCompile Include="counter.cpp">
      <Filter>Source Files\Controlling Program Flow</Filter>
    </ClCompile>
    <ClCompile Include="Review 19.cpp">
      <Filter>Source Files\Controlling Program Flow</Filter>
    </ClCompile>
    <ClCompile Include="DiceRoll.cpp">
      <Filter>Source Files\Controlling Program Flow</Filter>
    </ClCompile>
    <ClCompile Include="GuessingGame.cpp">
      <Filter>Source Files\Project For Controlling Program Flow</Filter>
    </ClCompile>
    <ClCompile Include="Assignment1.cpp">
      <Filter>Source Files\Controlling Program Flow</Filter>
    </ClCompile>
    <ClCompile Include="Assignment2.cpp">
      <Filter>Source Files\Controlling Program Flow</Filter>
    </ClCompile>
    <ClCompile Include="Assignment4.cpp">
      <Filter>Source Files\Controlling Program Flow</Filter>
    </ClCompile>
    <ClCompile Include="Assignment3.cpp">
      <Filter>Source Files\Controlling Program Flow</Filter>
    </ClCompile>
    <ClCompile Include="Assignment5.cpp">
      <Filter>Source Files\Controlling Program Flow</Filter>
    </ClCompile>
    <ClCompile Include="Assignment5b.cpp">
      <Filter>Source Files\Controlling Program Flow</Filter>
    </ClCompile>
    <ClCompile Include="Assignment6.cpp">
      <Filter>Source Files\Controlling Program Flow</Filter>
    </ClCompile>
    <ClCompile Include="Assignment7.cpp">
      <Filter>Source Files\Controlling Program Flow</Filter>
    </ClCompile>
    <ClCompile Include="Assignment8.cpp">
      <Filter>Source Files\Controlling Program Flow</Filter>
    </ClCompile>
    <ClCompile Include="Assignment9.cpp">
      <Filter>Source Files\Controlling Program Flow</Filter>
    </ClCompile>
    <ClCompile Include="Assignment10.cpp">
      <Filter>Source Files\Controlling Program Flow</Filter>
    </ClCompile>
  </ItemGroup>
</Project>